{
  "version": 4,
  "terraform_version": "1.4.2",
  "serial": 64,
  "lineage": "9c27f9f3-247d-71bc-2db4-198797ef0afc",
  "outputs": {},
  "resources": [
    {
      "module": "module.compute",
      "mode": "managed",
      "type": "azurerm_linux_virtual_machine",
      "name": "virtual_machines",
      "provider": "provider[\"registry.terraform.io/hashicorp/azurerm\"]",
      "instances": [
        {
          "index_key": "kpmgquestion1-dev-appvm-tf",
          "schema_version": 0,
          "attributes": {
            "additional_capabilities": [],
            "admin_password": null,
            "admin_ssh_key": [
              {
                "public_key": "ssh-rsa AAAAB3NzaC1yc2EAAAADAQABAAABgQDAH86pAk0H+ZI71VoYoMwQ1PYJzeCho8UyJWoVilmhYZgOYRKWIH1WQusPIsqXd82/UBJ2+hQabh1FWgM0mbLjQVRM+PhQ8SwaVDOMlIAyQgARt7vUD4+VjMAm4MXn5lbOStxTbxLi39XIQIvncu/qnNqGGQgZA2Y5VWtztUsx4F0nEUIjrA4lZFAqsHJetrxfL1F0hqi6fhD+l24y++wgC89W0Oox6LC22BB1Q4XWAdTDhqllR1HObnmIEULi4DkjT5ntrfws3of9k2tKJI7eQ8RTqOol84uzKImDCS3CraHGiKdpv49IyRlGUg5jhvmwFNnLMvRmA6C8OGXvmcnwPoaGfobvGjccpAABcdyK62nH78lQObtjtr24Wgoz2FGxLiiFstOFPamkDhWcZfflmZSwGmIidE7M/OvOrePovn2EsPLSV1Te0VG/aQxLY78/MtvWvXOsAufAH0tf11hfMcjQjXTu9Qf7X7pc5TrJLMmvM/fug/CBqFPk07Rd/uM= ravi_prakash@Ravi\r\n",
                "username": "kpmguser"
              }
            ],
            "admin_username": "kpmguser",
            "allow_extension_operations": true,
            "availability_set_id": "",
            "boot_diagnostics": [],
            "computer_name": "kpmgquestion1-dev-appvm-tf",
            "custom_data": null,
            "dedicated_host_group_id": "",
            "dedicated_host_id": "",
            "disable_password_authentication": true,
            "edge_zone": "",
            "encryption_at_host_enabled": false,
            "eviction_policy": "",
            "extensions_time_budget": "PT1H30M",
            "id": "/subscriptions/5c265d3c-ff46-4102-8c22-6ea6615689ad/resourceGroups/kpmgquestion1-dev-rg-tf/providers/Microsoft.Compute/virtualMachines/kpmgquestion1-dev-appvm-tf",
            "identity": [],
            "license_type": "",
            "location": "eastus",
            "max_bid_price": -1,
            "name": "kpmgquestion1-dev-appvm-tf",
            "network_interface_ids": [
              "/subscriptions/5c265d3c-ff46-4102-8c22-6ea6615689ad/resourceGroups/kpmgquestion1-dev-rg-tf/providers/Microsoft.Network/networkInterfaces/kpmgquestion1-dev-appvm-tf-nic"
            ],
            "os_disk": [
              {
                "caching": "ReadWrite",
                "diff_disk_settings": [],
                "disk_encryption_set_id": "",
                "disk_size_gb": 30,
                "name": "kpmgquestion1-dev-appvm-tf_OsDisk_1_3249c72f9fa2471e84274d34daaa5703",
                "storage_account_type": "Standard_LRS",
                "write_accelerator_enabled": false
              }
            ],
            "patch_mode": "ImageDefault",
            "plan": [],
            "platform_fault_domain": -1,
            "priority": "Regular",
            "private_ip_address": "10.0.2.4",
            "private_ip_addresses": [
              "10.0.2.4"
            ],
            "provision_vm_agent": true,
            "proximity_placement_group_id": "",
            "public_ip_address": "",
            "public_ip_addresses": [],
            "resource_group_name": "kpmgquestion1-dev-rg-tf",
            "secret": [],
            "secure_boot_enabled": false,
            "size": "Standard_F2",
            "source_image_id": "",
            "source_image_reference": [
              {
                "offer": "UbuntuServer",
                "publisher": "Canonical",
                "sku": "16.04-LTS",
                "version": "latest"
              }
            ],
            "tags": null,
            "termination_notification": null,
            "timeouts": null,
            "user_data": "",
            "virtual_machine_id": "32488dde-ab7e-4a35-a9d2-53b8f80ad361",
            "virtual_machine_scale_set_id": "",
            "vtpm_enabled": false,
            "zone": ""
          },
          "sensitive_attributes": [],
          "private": "eyJlMmJmYjczMC1lY2FhLTExZTYtOGY4OC0zNDM2M2JjN2M0YzAiOnsiY3JlYXRlIjoyNzAwMDAwMDAwMDAwLCJkZWxldGUiOjI3MDAwMDAwMDAwMDAsInJlYWQiOjMwMDAwMDAwMDAwMCwidXBkYXRlIjoyNzAwMDAwMDAwMDAwfX0=",
          "dependencies": [
            "module.compute.azurerm_network_interface.network_interface",
            "module.networking.azurerm_subnet.subnets",
            "module.networking.azurerm_virtual_network.az_vnet",
            "module.public_ip.azurerm_public_ip.az_public_ip",
            "module.resourcegroup.azurerm_resource_group.azresourcegroup"
          ]
        },
        {
          "index_key": "kpmgquestion1-dev-webvm-tf",
          "schema_version": 0,
          "attributes": {
            "additional_capabilities": [],
            "admin_password": null,
            "admin_ssh_key": [
              {
                "public_key": "ssh-rsa AAAAB3NzaC1yc2EAAAADAQABAAABgQDAH86pAk0H+ZI71VoYoMwQ1PYJzeCho8UyJWoVilmhYZgOYRKWIH1WQusPIsqXd82/UBJ2+hQabh1FWgM0mbLjQVRM+PhQ8SwaVDOMlIAyQgARt7vUD4+VjMAm4MXn5lbOStxTbxLi39XIQIvncu/qnNqGGQgZA2Y5VWtztUsx4F0nEUIjrA4lZFAqsHJetrxfL1F0hqi6fhD+l24y++wgC89W0Oox6LC22BB1Q4XWAdTDhqllR1HObnmIEULi4DkjT5ntrfws3of9k2tKJI7eQ8RTqOol84uzKImDCS3CraHGiKdpv49IyRlGUg5jhvmwFNnLMvRmA6C8OGXvmcnwPoaGfobvGjccpAABcdyK62nH78lQObtjtr24Wgoz2FGxLiiFstOFPamkDhWcZfflmZSwGmIidE7M/OvOrePovn2EsPLSV1Te0VG/aQxLY78/MtvWvXOsAufAH0tf11hfMcjQjXTu9Qf7X7pc5TrJLMmvM/fug/CBqFPk07Rd/uM= ravi_prakash@Ravi\r\n",
                "username": "kpmguser"
              }
            ],
            "admin_username": "kpmguser",
            "allow_extension_operations": true,
            "availability_set_id": "",
            "boot_diagnostics": [],
            "computer_name": "kpmgquestion1-dev-webvm-tf",
            "custom_data": null,
            "dedicated_host_group_id": "",
            "dedicated_host_id": "",
            "disable_password_authentication": true,
            "edge_zone": "",
            "encryption_at_host_enabled": false,
            "eviction_policy": "",
            "extensions_time_budget": "PT1H30M",
            "id": "/subscriptions/5c265d3c-ff46-4102-8c22-6ea6615689ad/resourceGroups/kpmgquestion1-dev-rg-tf/providers/Microsoft.Compute/virtualMachines/kpmgquestion1-dev-webvm-tf",
            "identity": [],
            "license_type": "",
            "location": "eastus",
            "max_bid_price": -1,
            "name": "kpmgquestion1-dev-webvm-tf",
            "network_interface_ids": [
              "/subscriptions/5c265d3c-ff46-4102-8c22-6ea6615689ad/resourceGroups/kpmgquestion1-dev-rg-tf/providers/Microsoft.Network/networkInterfaces/kpmgquestion1-dev-webvm-tf-nic"
            ],
            "os_disk": [
              {
                "caching": "ReadWrite",
                "diff_disk_settings": [],
                "disk_encryption_set_id": "",
                "disk_size_gb": 30,
                "name": "kpmgquestion1-dev-webvm-tf_OsDisk_1_c64bf12434404ed599ef1581ffc67da3",
                "storage_account_type": "Standard_LRS",
                "write_accelerator_enabled": false
              }
            ],
            "patch_mode": "ImageDefault",
            "plan": [],
            "platform_fault_domain": -1,
            "priority": "Regular",
            "private_ip_address": "10.0.1.4",
            "private_ip_addresses": [
              "10.0.1.4"
            ],
            "provision_vm_agent": true,
            "proximity_placement_group_id": "",
            "public_ip_address": "4.246.151.114",
            "public_ip_addresses": [
              "4.246.151.114"
            ],
            "resource_group_name": "kpmgquestion1-dev-rg-tf",
            "secret": [],
            "secure_boot_enabled": false,
            "size": "Standard_F2",
            "source_image_id": "",
            "source_image_reference": [
              {
                "offer": "UbuntuServer",
                "publisher": "Canonical",
                "sku": "16.04-LTS",
                "version": "latest"
              }
            ],
            "tags": null,
            "termination_notification": null,
            "timeouts": null,
            "user_data": "",
            "virtual_machine_id": "1fd737d2-9a5f-461e-908e-3d9f650f3f11",
            "virtual_machine_scale_set_id": "",
            "vtpm_enabled": false,
            "zone": ""
          },
          "sensitive_attributes": [],
          "private": "eyJlMmJmYjczMC1lY2FhLTExZTYtOGY4OC0zNDM2M2JjN2M0YzAiOnsiY3JlYXRlIjoyNzAwMDAwMDAwMDAwLCJkZWxldGUiOjI3MDAwMDAwMDAwMDAsInJlYWQiOjMwMDAwMDAwMDAwMCwidXBkYXRlIjoyNzAwMDAwMDAwMDAwfX0=",
          "dependencies": [
            "module.compute.azurerm_network_interface.network_interface",
            "module.networking.azurerm_subnet.subnets",
            "module.networking.azurerm_virtual_network.az_vnet",
            "module.public_ip.azurerm_public_ip.az_public_ip",
            "module.resourcegroup.azurerm_resource_group.azresourcegroup"
          ]
        }
      ]
    },
    {
      "module": "module.compute",
      "mode": "managed",
      "type": "azurerm_network_interface",
      "name": "network_interface",
      "provider": "provider[\"registry.terraform.io/hashicorp/azurerm\"]",
      "instances": [
        {
          "index_key": "kpmgquestion1-dev-appvm-tf-nic",
          "schema_version": 0,
          "attributes": {
            "applied_dns_servers": [],
            "dns_servers": [],
            "edge_zone": "",
            "enable_accelerated_networking": false,
            "enable_ip_forwarding": false,
            "id": "/subscriptions/5c265d3c-ff46-4102-8c22-6ea6615689ad/resourceGroups/kpmgquestion1-dev-rg-tf/providers/Microsoft.Network/networkInterfaces/kpmgquestion1-dev-appvm-tf-nic",
            "internal_dns_name_label": "",
            "internal_domain_name_suffix": "lgdrjjsg0pgehegamuxtum2zzh.bx.internal.cloudapp.net",
            "ip_configuration": [
              {
                "gateway_load_balancer_frontend_ip_configuration_id": "",
                "name": "app-server",
                "primary": true,
                "private_ip_address": "10.0.2.4",
                "private_ip_address_allocation": "Dynamic",
                "private_ip_address_version": "IPv4",
                "public_ip_address_id": "",
                "subnet_id": "/subscriptions/5c265d3c-ff46-4102-8c22-6ea6615689ad/resourceGroups/kpmgquestion1-dev-rg-tf/providers/Microsoft.Network/virtualNetworks/kpmgquestion1-dev-vnet-tf/subnets/apptiersubnet"
              }
            ],
            "location": "eastus",
            "mac_address": "",
            "name": "kpmgquestion1-dev-appvm-tf-nic",
            "private_ip_address": "10.0.2.4",
            "private_ip_addresses": [
              "10.0.2.4"
            ],
            "resource_group_name": "kpmgquestion1-dev-rg-tf",
            "tags": null,
            "timeouts": null,
            "virtual_machine_id": ""
          },
          "sensitive_attributes": [],
          "private": "eyJlMmJmYjczMC1lY2FhLTExZTYtOGY4OC0zNDM2M2JjN2M0YzAiOnsiY3JlYXRlIjoxODAwMDAwMDAwMDAwLCJkZWxldGUiOjE4MDAwMDAwMDAwMDAsInJlYWQiOjMwMDAwMDAwMDAwMCwidXBkYXRlIjoxODAwMDAwMDAwMDAwfX0=",
          "dependencies": [
            "module.networking.azurerm_subnet.subnets",
            "module.networking.azurerm_virtual_network.az_vnet",
            "module.public_ip.azurerm_public_ip.az_public_ip",
            "module.resourcegroup.azurerm_resource_group.azresourcegroup"
          ]
        },
        {
          "index_key": "kpmgquestion1-dev-webvm-tf-nic",
          "schema_version": 0,
          "attributes": {
            "applied_dns_servers": [],
            "dns_servers": [],
            "edge_zone": "",
            "enable_accelerated_networking": false,
            "enable_ip_forwarding": false,
            "id": "/subscriptions/5c265d3c-ff46-4102-8c22-6ea6615689ad/resourceGroups/kpmgquestion1-dev-rg-tf/providers/Microsoft.Network/networkInterfaces/kpmgquestion1-dev-webvm-tf-nic",
            "internal_dns_name_label": "",
            "internal_domain_name_suffix": "lgdrjjsg0pgehegamuxtum2zzh.bx.internal.cloudapp.net",
            "ip_configuration": [
              {
                "gateway_load_balancer_frontend_ip_configuration_id": "",
                "name": "web-server",
                "primary": true,
                "private_ip_address": "10.0.1.4",
                "private_ip_address_allocation": "Dynamic",
                "private_ip_address_version": "IPv4",
                "public_ip_address_id": "/subscriptions/5c265d3c-ff46-4102-8c22-6ea6615689ad/resourceGroups/kpmgquestion1-dev-rg-tf/providers/Microsoft.Network/publicIPAddresses/kpmgquestion1-dev-publicIP-tf",
                "subnet_id": "/subscriptions/5c265d3c-ff46-4102-8c22-6ea6615689ad/resourceGroups/kpmgquestion1-dev-rg-tf/providers/Microsoft.Network/virtualNetworks/kpmgquestion1-dev-vnet-tf/subnets/webtiersubnet"
              }
            ],
            "location": "eastus",
            "mac_address": "",
            "name": "kpmgquestion1-dev-webvm-tf-nic",
            "private_ip_address": "10.0.1.4",
            "private_ip_addresses": [
              "10.0.1.4"
            ],
            "resource_group_name": "kpmgquestion1-dev-rg-tf",
            "tags": null,
            "timeouts": null,
            "virtual_machine_id": ""
          },
          "sensitive_attributes": [],
          "private": "eyJlMmJmYjczMC1lY2FhLTExZTYtOGY4OC0zNDM2M2JjN2M0YzAiOnsiY3JlYXRlIjoxODAwMDAwMDAwMDAwLCJkZWxldGUiOjE4MDAwMDAwMDAwMDAsInJlYWQiOjMwMDAwMDAwMDAwMCwidXBkYXRlIjoxODAwMDAwMDAwMDAwfX0=",
          "dependencies": [
            "module.networking.azurerm_subnet.subnets",
            "module.networking.azurerm_virtual_network.az_vnet",
            "module.public_ip.azurerm_public_ip.az_public_ip",
            "module.resourcegroup.azurerm_resource_group.azresourcegroup"
          ]
        }
      ]
    },
    {
      "module": "module.database",
      "mode": "managed",
      "type": "azurerm_mysql_database",
      "name": "example",
      "provider": "provider[\"registry.terraform.io/hashicorp/azurerm\"]",
      "instances": [
        {
          "schema_version": 0,
          "attributes": {
            "charset": "utf8",
            "collation": "utf8_unicode_ci",
            "id": "/subscriptions/5c265d3c-ff46-4102-8c22-6ea6615689ad/resourceGroups/kpmgquestion1-dev-rg-tf/providers/Microsoft.DBforMySQL/servers/kpmgquestion1-dev-mysqldbserver-tf/databases/kpmgquestion1-dev-mysqldb-tf",
            "name": "kpmgquestion1-dev-mysqldb-tf",
            "resource_group_name": "kpmgquestion1-dev-rg-tf",
            "server_name": "kpmgquestion1-dev-mysqldbserver-tf",
            "timeouts": null
          },
          "sensitive_attributes": [],
          "private": "eyJlMmJmYjczMC1lY2FhLTExZTYtOGY4OC0zNDM2M2JjN2M0YzAiOnsiY3JlYXRlIjozNjAwMDAwMDAwMDAwLCJkZWxldGUiOjM2MDAwMDAwMDAwMDAsInJlYWQiOjMwMDAwMDAwMDAwMCwidXBkYXRlIjozNjAwMDAwMDAwMDAwfX0=",
          "dependencies": [
            "module.database.azurerm_mysql_server.az_mysql_server",
            "module.resourcegroup.azurerm_resource_group.azresourcegroup"
          ]
        }
      ]
    },
    {
      "module": "module.database",
      "mode": "managed",
      "type": "azurerm_mysql_server",
      "name": "az_mysql_server",
      "provider": "provider[\"registry.terraform.io/hashicorp/azurerm\"]",
      "instances": [
        {
          "schema_version": 0,
          "attributes": {
            "administrator_login": "mysqladmin",
            "administrator_login_password": "Jiten@1987",
            "auto_grow_enabled": true,
            "backup_retention_days": 7,
            "create_mode": "Default",
            "creation_source_server_id": null,
            "fqdn": "kpmgquestion1-dev-mysqldbserver-tf.mysql.database.azure.com",
            "geo_redundant_backup_enabled": false,
            "id": "/subscriptions/5c265d3c-ff46-4102-8c22-6ea6615689ad/resourceGroups/kpmgquestion1-dev-rg-tf/providers/Microsoft.DBforMySQL/servers/kpmgquestion1-dev-mysqldbserver-tf",
            "identity": [],
            "infrastructure_encryption_enabled": false,
            "location": "eastus",
            "name": "kpmgquestion1-dev-mysqldbserver-tf",
            "public_network_access_enabled": true,
            "resource_group_name": "kpmgquestion1-dev-rg-tf",
            "restore_point_in_time": null,
            "sku_name": "B_Gen5_2",
            "ssl_enforcement_enabled": true,
            "ssl_minimal_tls_version_enforced": "TLS1_2",
            "storage_mb": 5120,
            "tags": null,
            "threat_detection_policy": [],
            "timeouts": null,
            "version": "5.7"
          },
          "sensitive_attributes": [],
          "private": "eyJlMmJmYjczMC1lY2FhLTExZTYtOGY4OC0zNDM2M2JjN2M0YzAiOnsiY3JlYXRlIjozNjAwMDAwMDAwMDAwLCJkZWxldGUiOjM2MDAwMDAwMDAwMDAsInJlYWQiOjMwMDAwMDAwMDAwMCwidXBkYXRlIjozNjAwMDAwMDAwMDAwfX0=",
          "dependencies": [
            "module.resourcegroup.azurerm_resource_group.azresourcegroup"
          ]
        }
      ]
    },
    {
      "module": "module.network_security_group",
      "mode": "managed",
      "type": "azurerm_network_security_group",
      "name": "security_groups",
      "provider": "provider[\"registry.terraform.io/hashicorp/azurerm\"]",
      "instances": [
        {
          "index_key": "kpmgquestion1-dev-appnsg-tf",
          "schema_version": 0,
          "attributes": {
            "id": "/subscriptions/5c265d3c-ff46-4102-8c22-6ea6615689ad/resourceGroups/kpmgquestion1-dev-rg-tf/providers/Microsoft.Network/networkSecurityGroups/kpmgquestion1-dev-appnsg-tf",
            "location": "eastus",
            "name": "kpmgquestion1-dev-appnsg-tf",
            "resource_group_name": "kpmgquestion1-dev-rg-tf",
            "security_rule": [
              {
                "access": "Allow",
                "description": "",
                "destination_address_prefix": "10.0.1.0/24",
                "destination_address_prefixes": [],
                "destination_application_security_group_ids": [],
                "destination_port_range": "*",
                "destination_port_ranges": [],
                "direction": "Outbound",
                "name": "Allow-outbound-web-all",
                "priority": 100,
                "protocol": "Tcp",
                "source_address_prefix": "10.0.2.0/24",
                "source_address_prefixes": [],
                "source_application_security_group_ids": [],
                "source_port_range": "*",
                "source_port_ranges": []
              },
              {
                "access": "Allow",
                "description": "",
                "destination_address_prefix": "10.0.2.0/24",
                "destination_address_prefixes": [],
                "destination_application_security_group_ids": [],
                "destination_port_range": "*",
                "destination_port_ranges": [],
                "direction": "Inbound",
                "name": "Allow-inbound-db-all",
                "priority": 101,
                "protocol": "Tcp",
                "source_address_prefix": "10.0.3.0/24",
                "source_address_prefixes": [],
                "source_application_security_group_ids": [],
                "source_port_range": "*",
                "source_port_ranges": []
              },
              {
                "access": "Allow",
                "description": "",
                "destination_address_prefix": "10.0.2.0/24",
                "destination_address_prefixes": [],
                "destination_application_security_group_ids": [],
                "destination_port_range": "*",
                "destination_port_ranges": [],
                "direction": "Inbound",
                "name": "Allow-inbound-web-all",
                "priority": 100,
                "protocol": "Tcp",
                "source_address_prefix": "10.0.1.0/24",
                "source_address_prefixes": [],
                "source_application_security_group_ids": [],
                "source_port_range": "*",
                "source_port_ranges": []
              },
              {
                "access": "Allow",
                "description": "",
                "destination_address_prefix": "10.0.3.0/24",
                "destination_address_prefixes": [],
                "destination_application_security_group_ids": [],
                "destination_port_range": "*",
                "destination_port_ranges": [],
                "direction": "Outbound",
                "name": "Allow-outbound-db-all",
                "priority": 101,
                "protocol": "Tcp",
                "source_address_prefix": "10.0.2.0/24",
                "source_address_prefixes": [],
                "source_application_security_group_ids": [],
                "source_port_range": "*",
                "source_port_ranges": []
              }
            ],
            "tags": null,
            "timeouts": null
          },
          "sensitive_attributes": [],
          "private": "eyJlMmJmYjczMC1lY2FhLTExZTYtOGY4OC0zNDM2M2JjN2M0YzAiOnsiY3JlYXRlIjoxODAwMDAwMDAwMDAwLCJkZWxldGUiOjE4MDAwMDAwMDAwMDAsInJlYWQiOjMwMDAwMDAwMDAwMCwidXBkYXRlIjoxODAwMDAwMDAwMDAwfX0=",
          "dependencies": [
            "module.resourcegroup.azurerm_resource_group.azresourcegroup"
          ]
        },
        {
          "index_key": "kpmgquestion1-dev-dbnsg-tf",
          "schema_version": 0,
          "attributes": {
            "id": "/subscriptions/5c265d3c-ff46-4102-8c22-6ea6615689ad/resourceGroups/kpmgquestion1-dev-rg-tf/providers/Microsoft.Network/networkSecurityGroups/kpmgquestion1-dev-dbnsg-tf",
            "location": "eastus",
            "name": "kpmgquestion1-dev-dbnsg-tf",
            "resource_group_name": "kpmgquestion1-dev-rg-tf",
            "security_rule": [
              {
                "access": "Allow",
                "description": "",
                "destination_address_prefix": "10.0.2.0/24",
                "destination_address_prefixes": [],
                "destination_application_security_group_ids": [],
                "destination_port_range": "*",
                "destination_port_ranges": [],
                "direction": "Outbound",
                "name": "Allow-outbound-app-all",
                "priority": 100,
                "protocol": "Tcp",
                "source_address_prefix": "10.0.3.0/24",
                "source_address_prefixes": [],
                "source_application_security_group_ids": [],
                "source_port_range": "*",
                "source_port_ranges": []
              },
              {
                "access": "Allow",
                "description": "",
                "destination_address_prefix": "10.0.3.0/24",
                "destination_address_prefixes": [],
                "destination_application_security_group_ids": [],
                "destination_port_range": "*",
                "destination_port_ranges": [],
                "direction": "Inbound",
                "name": "Allow-inbound-app-all",
                "priority": 100,
                "protocol": "Tcp",
                "source_address_prefix": "10.0.2.0/24",
                "source_address_prefixes": [],
                "source_application_security_group_ids": [],
                "source_port_range": "*",
                "source_port_ranges": []
              }
            ],
            "tags": null,
            "timeouts": null
          },
          "sensitive_attributes": [],
          "private": "eyJlMmJmYjczMC1lY2FhLTExZTYtOGY4OC0zNDM2M2JjN2M0YzAiOnsiY3JlYXRlIjoxODAwMDAwMDAwMDAwLCJkZWxldGUiOjE4MDAwMDAwMDAwMDAsInJlYWQiOjMwMDAwMDAwMDAwMCwidXBkYXRlIjoxODAwMDAwMDAwMDAwfX0=",
          "dependencies": [
            "module.resourcegroup.azurerm_resource_group.azresourcegroup"
          ]
        },
        {
          "index_key": "kpmgquestion1-dev-webnsg-tf",
          "schema_version": 0,
          "attributes": {
            "id": "/subscriptions/5c265d3c-ff46-4102-8c22-6ea6615689ad/resourceGroups/kpmgquestion1-dev-rg-tf/providers/Microsoft.Network/networkSecurityGroups/kpmgquestion1-dev-webnsg-tf",
            "location": "eastus",
            "name": "kpmgquestion1-dev-webnsg-tf",
            "resource_group_name": "kpmgquestion1-dev-rg-tf",
            "security_rule": [
              {
                "access": "Allow",
                "description": "",
                "destination_address_prefix": "*",
                "destination_address_prefixes": [],
                "destination_application_security_group_ids": [],
                "destination_port_range": "*",
                "destination_port_ranges": [],
                "direction": "Outbound",
                "name": "Allow-outbound-all",
                "priority": 100,
                "protocol": "Tcp",
                "source_address_prefix": "10.0.1.0/24",
                "source_address_prefixes": [],
                "source_application_security_group_ids": [],
                "source_port_range": "*",
                "source_port_ranges": []
              },
              {
                "access": "Allow",
                "description": "",
                "destination_address_prefix": "10.0.1.0/24",
                "destination_address_prefixes": [],
                "destination_application_security_group_ids": [],
                "destination_port_range": "*",
                "destination_port_ranges": [],
                "direction": "Inbound",
                "name": "Allow-inbound-all",
                "priority": 100,
                "protocol": "Tcp",
                "source_address_prefix": "0.0.0.0/0",
                "source_address_prefixes": [],
                "source_application_security_group_ids": [],
                "source_port_range": "*",
                "source_port_ranges": []
              }
            ],
            "tags": null,
            "timeouts": null
          },
          "sensitive_attributes": [],
          "private": "eyJlMmJmYjczMC1lY2FhLTExZTYtOGY4OC0zNDM2M2JjN2M0YzAiOnsiY3JlYXRlIjoxODAwMDAwMDAwMDAwLCJkZWxldGUiOjE4MDAwMDAwMDAwMDAsInJlYWQiOjMwMDAwMDAwMDAwMCwidXBkYXRlIjoxODAwMDAwMDAwMDAwfX0=",
          "dependencies": [
            "module.resourcegroup.azurerm_resource_group.azresourcegroup"
          ]
        }
      ]
    },
    {
      "module": "module.network_security_group",
      "mode": "managed",
      "type": "azurerm_subnet_network_security_group_association",
      "name": "nsg-subnet-association",
      "provider": "provider[\"registry.terraform.io/hashicorp/azurerm\"]",
      "instances": [
        {
          "index_key": "app-subnet-association",
          "schema_version": 0,
          "attributes": {
            "id": "/subscriptions/5c265d3c-ff46-4102-8c22-6ea6615689ad/resourceGroups/kpmgquestion1-dev-rg-tf/providers/Microsoft.Network/virtualNetworks/kpmgquestion1-dev-vnet-tf/subnets/apptiersubnet",
            "network_security_group_id": "/subscriptions/5c265d3c-ff46-4102-8c22-6ea6615689ad/resourceGroups/kpmgquestion1-dev-rg-tf/providers/Microsoft.Network/networkSecurityGroups/kpmgquestion1-dev-appnsg-tf",
            "subnet_id": "/subscriptions/5c265d3c-ff46-4102-8c22-6ea6615689ad/resourceGroups/kpmgquestion1-dev-rg-tf/providers/Microsoft.Network/virtualNetworks/kpmgquestion1-dev-vnet-tf/subnets/apptiersubnet",
            "timeouts": null
          },
          "sensitive_attributes": [],
          "private": "eyJlMmJmYjczMC1lY2FhLTExZTYtOGY4OC0zNDM2M2JjN2M0YzAiOnsiY3JlYXRlIjoxODAwMDAwMDAwMDAwLCJkZWxldGUiOjE4MDAwMDAwMDAwMDAsInJlYWQiOjMwMDAwMDAwMDAwMCwidXBkYXRlIjoxODAwMDAwMDAwMDAwfX0=",
          "dependencies": [
            "module.network_security_group.azurerm_network_security_group.security_groups",
            "module.networking.azurerm_subnet.subnets",
            "module.networking.azurerm_virtual_network.az_vnet",
            "module.resourcegroup.azurerm_resource_group.azresourcegroup"
          ]
        },
        {
          "index_key": "db-subnet-association",
          "schema_version": 0,
          "attributes": {
            "id": "/subscriptions/5c265d3c-ff46-4102-8c22-6ea6615689ad/resourceGroups/kpmgquestion1-dev-rg-tf/providers/Microsoft.Network/virtualNetworks/kpmgquestion1-dev-vnet-tf/subnets/dbtiersubnet",
            "network_security_group_id": "/subscriptions/5c265d3c-ff46-4102-8c22-6ea6615689ad/resourceGroups/kpmgquestion1-dev-rg-tf/providers/Microsoft.Network/networkSecurityGroups/kpmgquestion1-dev-dbnsg-tf",
            "subnet_id": "/subscriptions/5c265d3c-ff46-4102-8c22-6ea6615689ad/resourceGroups/kpmgquestion1-dev-rg-tf/providers/Microsoft.Network/virtualNetworks/kpmgquestion1-dev-vnet-tf/subnets/dbtiersubnet",
            "timeouts": null
          },
          "sensitive_attributes": [],
          "private": "eyJlMmJmYjczMC1lY2FhLTExZTYtOGY4OC0zNDM2M2JjN2M0YzAiOnsiY3JlYXRlIjoxODAwMDAwMDAwMDAwLCJkZWxldGUiOjE4MDAwMDAwMDAwMDAsInJlYWQiOjMwMDAwMDAwMDAwMCwidXBkYXRlIjoxODAwMDAwMDAwMDAwfX0=",
          "dependencies": [
            "module.network_security_group.azurerm_network_security_group.security_groups",
            "module.networking.azurerm_subnet.subnets",
            "module.networking.azurerm_virtual_network.az_vnet",
            "module.resourcegroup.azurerm_resource_group.azresourcegroup"
          ]
        },
        {
          "index_key": "web-subnet-association",
          "schema_version": 0,
          "attributes": {
            "id": "/subscriptions/5c265d3c-ff46-4102-8c22-6ea6615689ad/resourceGroups/kpmgquestion1-dev-rg-tf/providers/Microsoft.Network/virtualNetworks/kpmgquestion1-dev-vnet-tf/subnets/webtiersubnet",
            "network_security_group_id": "/subscriptions/5c265d3c-ff46-4102-8c22-6ea6615689ad/resourceGroups/kpmgquestion1-dev-rg-tf/providers/Microsoft.Network/networkSecurityGroups/kpmgquestion1-dev-webnsg-tf",
            "subnet_id": "/subscriptions/5c265d3c-ff46-4102-8c22-6ea6615689ad/resourceGroups/kpmgquestion1-dev-rg-tf/providers/Microsoft.Network/virtualNetworks/kpmgquestion1-dev-vnet-tf/subnets/webtiersubnet",
            "timeouts": null
          },
          "sensitive_attributes": [],
          "private": "eyJlMmJmYjczMC1lY2FhLTExZTYtOGY4OC0zNDM2M2JjN2M0YzAiOnsiY3JlYXRlIjoxODAwMDAwMDAwMDAwLCJkZWxldGUiOjE4MDAwMDAwMDAwMDAsInJlYWQiOjMwMDAwMDAwMDAwMCwidXBkYXRlIjoxODAwMDAwMDAwMDAwfX0=",
          "dependencies": [
            "module.network_security_group.azurerm_network_security_group.security_groups",
            "module.networking.azurerm_subnet.subnets",
            "module.networking.azurerm_virtual_network.az_vnet",
            "module.resourcegroup.azurerm_resource_group.azresourcegroup"
          ]
        }
      ]
    },
    {
      "module": "module.networking",
      "mode": "managed",
      "type": "azurerm_subnet",
      "name": "subnets",
      "provider": "provider[\"registry.terraform.io/hashicorp/azurerm\"]",
      "instances": [
        {
          "index_key": "apptiersubnet",
          "schema_version": 0,
          "attributes": {
            "address_prefixes": [
              "10.0.2.0/24"
            ],
            "delegation": [],
            "enforce_private_link_endpoint_network_policies": false,
            "enforce_private_link_service_network_policies": false,
            "id": "/subscriptions/5c265d3c-ff46-4102-8c22-6ea6615689ad/resourceGroups/kpmgquestion1-dev-rg-tf/providers/Microsoft.Network/virtualNetworks/kpmgquestion1-dev-vnet-tf/subnets/apptiersubnet",
            "name": "apptiersubnet",
            "resource_group_name": "kpmgquestion1-dev-rg-tf",
            "service_endpoint_policy_ids": null,
            "service_endpoints": null,
            "timeouts": null,
            "virtual_network_name": "kpmgquestion1-dev-vnet-tf"
          },
          "sensitive_attributes": [],
          "private": "eyJlMmJmYjczMC1lY2FhLTExZTYtOGY4OC0zNDM2M2JjN2M0YzAiOnsiY3JlYXRlIjoxODAwMDAwMDAwMDAwLCJkZWxldGUiOjE4MDAwMDAwMDAwMDAsInJlYWQiOjMwMDAwMDAwMDAwMCwidXBkYXRlIjoxODAwMDAwMDAwMDAwfX0=",
          "dependencies": [
            "module.networking.azurerm_virtual_network.az_vnet",
            "module.resourcegroup.azurerm_resource_group.azresourcegroup"
          ]
        },
        {
          "index_key": "dbtiersubnet",
          "schema_version": 0,
          "attributes": {
            "address_prefixes": [
              "10.0.3.0/24"
            ],
            "delegation": [],
            "enforce_private_link_endpoint_network_policies": false,
            "enforce_private_link_service_network_policies": false,
            "id": "/subscriptions/5c265d3c-ff46-4102-8c22-6ea6615689ad/resourceGroups/kpmgquestion1-dev-rg-tf/providers/Microsoft.Network/virtualNetworks/kpmgquestion1-dev-vnet-tf/subnets/dbtiersubnet",
            "name": "dbtiersubnet",
            "resource_group_name": "kpmgquestion1-dev-rg-tf",
            "service_endpoint_policy_ids": null,
            "service_endpoints": null,
            "timeouts": null,
            "virtual_network_name": "kpmgquestion1-dev-vnet-tf"
          },
          "sensitive_attributes": [],
          "private": "eyJlMmJmYjczMC1lY2FhLTExZTYtOGY4OC0zNDM2M2JjN2M0YzAiOnsiY3JlYXRlIjoxODAwMDAwMDAwMDAwLCJkZWxldGUiOjE4MDAwMDAwMDAwMDAsInJlYWQiOjMwMDAwMDAwMDAwMCwidXBkYXRlIjoxODAwMDAwMDAwMDAwfX0=",
          "dependencies": [
            "module.networking.azurerm_virtual_network.az_vnet",
            "module.resourcegroup.azurerm_resource_group.azresourcegroup"
          ]
        },
        {
          "index_key": "webtiersubnet",
          "schema_version": 0,
          "attributes": {
            "address_prefixes": [
              "10.0.1.0/24"
            ],
            "delegation": [],
            "enforce_private_link_endpoint_network_policies": false,
            "enforce_private_link_service_network_policies": false,
            "id": "/subscriptions/5c265d3c-ff46-4102-8c22-6ea6615689ad/resourceGroups/kpmgquestion1-dev-rg-tf/providers/Microsoft.Network/virtualNetworks/kpmgquestion1-dev-vnet-tf/subnets/webtiersubnet",
            "name": "webtiersubnet",
            "resource_group_name": "kpmgquestion1-dev-rg-tf",
            "service_endpoint_policy_ids": null,
            "service_endpoints": null,
            "timeouts": null,
            "virtual_network_name": "kpmgquestion1-dev-vnet-tf"
          },
          "sensitive_attributes": [],
          "private": "eyJlMmJmYjczMC1lY2FhLTExZTYtOGY4OC0zNDM2M2JjN2M0YzAiOnsiY3JlYXRlIjoxODAwMDAwMDAwMDAwLCJkZWxldGUiOjE4MDAwMDAwMDAwMDAsInJlYWQiOjMwMDAwMDAwMDAwMCwidXBkYXRlIjoxODAwMDAwMDAwMDAwfX0=",
          "dependencies": [
            "module.networking.azurerm_virtual_network.az_vnet",
            "module.resourcegroup.azurerm_resource_group.azresourcegroup"
          ]
        }
      ]
    },
    {
      "module": "module.networking",
      "mode": "managed",
      "type": "azurerm_virtual_network",
      "name": "az_vnet",
      "provider": "provider[\"registry.terraform.io/hashicorp/azurerm\"]",
      "instances": [
        {
          "schema_version": 0,
          "attributes": {
            "address_space": [
              "10.0.0.0/16"
            ],
            "bgp_community": "",
            "ddos_protection_plan": [],
            "dns_servers": [],
            "edge_zone": "",
            "flow_timeout_in_minutes": 0,
            "guid": "a6148759-d346-43cc-90c0-652f3a3399cf",
            "id": "/subscriptions/5c265d3c-ff46-4102-8c22-6ea6615689ad/resourceGroups/kpmgquestion1-dev-rg-tf/providers/Microsoft.Network/virtualNetworks/kpmgquestion1-dev-vnet-tf",
            "location": "eastus",
            "name": "kpmgquestion1-dev-vnet-tf",
            "resource_group_name": "kpmgquestion1-dev-rg-tf",
            "subnet": [],
            "tags": null,
            "timeouts": null
          },
          "sensitive_attributes": [],
          "private": "eyJlMmJmYjczMC1lY2FhLTExZTYtOGY4OC0zNDM2M2JjN2M0YzAiOnsiY3JlYXRlIjoxODAwMDAwMDAwMDAwLCJkZWxldGUiOjE4MDAwMDAwMDAwMDAsInJlYWQiOjMwMDAwMDAwMDAwMCwidXBkYXRlIjoxODAwMDAwMDAwMDAwfX0=",
          "dependencies": [
            "module.resourcegroup.azurerm_resource_group.azresourcegroup"
          ]
        }
      ]
    },
    {
      "module": "module.public_ip",
      "mode": "managed",
      "type": "azurerm_public_ip",
      "name": "az_public_ip",
      "provider": "provider[\"registry.terraform.io/hashicorp/azurerm\"]",
      "instances": [
        {
          "schema_version": 0,
          "attributes": {
            "allocation_method": "Dynamic",
            "domain_name_label": null,
            "edge_zone": "",
            "fqdn": null,
            "id": "/subscriptions/5c265d3c-ff46-4102-8c22-6ea6615689ad/resourceGroups/kpmgquestion1-dev-rg-tf/providers/Microsoft.Network/publicIPAddresses/kpmgquestion1-dev-publicIP-tf",
            "idle_timeout_in_minutes": 4,
            "ip_address": "",
            "ip_tags": null,
            "ip_version": "IPv4",
            "location": "eastus",
            "name": "kpmgquestion1-dev-publicIP-tf",
            "public_ip_prefix_id": null,
            "resource_group_name": "kpmgquestion1-dev-rg-tf",
            "reverse_fqdn": null,
            "sku": "Basic",
            "sku_tier": "Regional",
            "tags": null,
            "timeouts": null,
            "zones": null
          },
          "sensitive_attributes": [],
          "private": "eyJlMmJmYjczMC1lY2FhLTExZTYtOGY4OC0zNDM2M2JjN2M0YzAiOnsiY3JlYXRlIjoxODAwMDAwMDAwMDAwLCJkZWxldGUiOjE4MDAwMDAwMDAwMDAsInJlYWQiOjMwMDAwMDAwMDAwMCwidXBkYXRlIjoxODAwMDAwMDAwMDAwfX0=",
          "dependencies": [
            "module.resourcegroup.azurerm_resource_group.azresourcegroup"
          ]
        }
      ]
    },
    {
      "module": "module.resourcegroup",
      "mode": "managed",
      "type": "azurerm_resource_group",
      "name": "azresourcegroup",
      "provider": "provider[\"registry.terraform.io/hashicorp/azurerm\"]",
      "instances": [
        {
          "schema_version": 0,
          "attributes": {
            "id": "/subscriptions/5c265d3c-ff46-4102-8c22-6ea6615689ad/resourceGroups/kpmgquestion1-dev-rg-tf",
            "location": "eastus",
            "name": "kpmgquestion1-dev-rg-tf",
            "tags": null,
            "timeouts": null
          },
          "sensitive_attributes": [],
          "private": "eyJlMmJmYjczMC1lY2FhLTExZTYtOGY4OC0zNDM2M2JjN2M0YzAiOnsiY3JlYXRlIjo1NDAwMDAwMDAwMDAwLCJkZWxldGUiOjU0MDAwMDAwMDAwMDAsInJlYWQiOjMwMDAwMDAwMDAwMCwidXBkYXRlIjo1NDAwMDAwMDAwMDAwfX0="
        }
      ]
    }
  ],
  "check_results": null
}
